
Microsoft Visual Studio Solution File, Format Version 12.00
# Visual Studio 15
VisualStudioVersion = 15.0.28010.2046
MinimumVisualStudioVersion = 10.0.40219.1
Project("{FAE04EC0-301F-11D3-BF4B-00C04F79EFBC}") = "Tiles", "Tiles\Tiles.csproj", "{DF7BFA19-FB35-4743-9E64-A250CCD66AFE}"
EndProject
Global
	GlobalSection(SolutionConfigurationPlatforms) = preSolution
		Debug|Any CPU = Debug|Any CPU
		Release|Any CPU = Release|Any CPU
	EndGlobalSection
	GlobalSection(ProjectConfigurationPlatforms) = postSolution
		{DF7BFA19-FB35-4743-9E64-A250CCD66AFE}.Debug|Any CPU.ActiveCfg = Debug|Any CPU
		{DF7BFA19-FB35-4743-9E64-A250CCD66AFE}.Debug|Any CPU.Build.0 = Debug|Any CPU
		{DF7BFA19-FB35-4743-9E64-A250CCD66AFE}.Release|Any CPU.ActiveCfg = Release|Any CPU
		{DF7BFA19-FB35-4743-9E64-A250CCD66AFE}.Release|Any CPU.Build.0 = Release|Any CPU
	EndGlobalSection
	GlobalSection(SolutionProperties) = preSolution
		HideSolutionNode = FALSE
	EndGlobalSection
	GlobalSection(ExtensibilityGlobals) = postSolution
		SolutionGuid = {870E60A9-8AF0-4ABF-A8FA-47CF9A3D70EC}
	EndGlobalSection
EndGlobal
